<?xml version="1.0" encoding="utf-8"?>
<Project ToolsVersion="4.0" xmlns="http://schemas.microsoft.com/developer/msbuild/2003">
  <ItemGroup>
    <Filter Include="Source Files">
      <UniqueIdentifier>{103bd5c0-a8ce-415f-bf1c-d0587828400c}</UniqueIdentifier>
      <Extensions>cpp;c;cxx;rc;def;r;odl;hpj;bat</Extensions>
    </Filter>
    <Filter Include="Header Files">
      <UniqueIdentifier>{1b2229ca-0b5d-4652-bd77-47696e337c1b}</UniqueIdentifier>
      <Extensions>h;hpp;hxx;hm;inl;fi;fd</Extensions>
    </Filter>
    <Filter Include="Resource Files">
      <UniqueIdentifier>{5be8c424-7c89-4af4-beab-b90052489ee3}</UniqueIdentifier>
      <Extensions>ico;cur;bmp;dlg;rc2;rct;bin;cnt;rtf;gif;jpg;jpeg;jpe</Extensions>
    </Filter>
  </ItemGroup>
  <ItemGroup>
    <ClCompile Include="Src\Activear.cpp">
      <Filter>Source Files</Filter>
    </ClCompile>
    <ClCompile Include="Src\CDib.cpp">
      <Filter>Source Files</Filter>
    </ClCompile>
    <ClCompile Include="Src\Editorfr.cpp">
      <Filter>Source Files</Filter>
    </ClCompile>
    <ClCompile Include="Src\Editorvw.cpp">
      <Filter>Source Files</Filter>
    </ClCompile>
    <ClCompile Include="Src\Ilanalis.cpp">
      <Filter>Source Files</Filter>
    </ClCompile>
    <ClCompile Include="Src\Ilargvar.cpp">
      <Filter>Source Files</Filter>
    </ClCompile>
    <ClCompile Include="Src\Ilcatene.cpp">
      <Filter>Source Files</Filter>
    </ClCompile>
    <ClCompile Include="Src\Ilcodici.cpp">
      <Filter>Source Files</Filter>
    </ClCompile>
    <ClCompile Include="Src\Ilcomune.cpp">
      <Filter>Source Files</Filter>
    </ClCompile>
    <ClCompile Include="Src\Ilcontro.cpp">
      <Filter>Source Files</Filter>
    </ClCompile>
    <ClCompile Include="Src\Ildde.cpp">
      <Filter>Source Files</Filter>
    </ClCompile>
    <ClCompile Include="Src\Ildef.cpp">
      <Filter>Source Files</Filter>
    </ClCompile>
    <ClCompile Include="Src\Ildialog.cpp">
      <Filter>Source Files</Filter>
    </ClCompile>
    <ClCompile Include="Src\Ildizion.cpp">
      <Filter>Source Files</Filter>
    </ClCompile>
    <ClCompile Include="Src\Ilflussi.cpp">
      <Filter>Source Files</Filter>
    </ClCompile>
    <ClCompile Include="Src\Ilgui.cpp">
      <Filter>Source Files</Filter>
    </ClCompile>
    <ClCompile Include="Src\Ilinic.cpp">
      <Filter>Source Files</Filter>
    </ClCompile>
    <ClCompile Include="Src\Illogica.cpp">
      <Filter>Source Files</Filter>
    </ClCompile>
    <ClCompile Include="Src\Ilmain.cpp">
      <Filter>Source Files</Filter>
    </ClCompile>
    <ClCompile Include="Src\Ilmm.cpp">
      <Filter>Source Files</Filter>
    </ClCompile>
    <ClCompile Include="Src\Ilmondo.cpp">
      <Filter>Source Files</Filter>
    </ClCompile>
    <ClCompile Include="Src\Ilnodi.cpp">
      <Filter>Source Files</Filter>
    </ClCompile>
    <ClCompile Include="Src\Ilnumeri.cpp">
      <Filter>Source Files</Filter>
    </ClCompile>
    <ClCompile Include="Src\Ilparlis.cpp">
      <Filter>Source Files</Filter>
    </ClCompile>
    <ClCompile Include="Src\Ilscrivi.cpp">
      <Filter>Source Files</Filter>
    </ClCompile>
    <ClCompile Include="Src\Ilsis.cpp">
      <Filter>Source Files</Filter>
    </ClCompile>
    <ClCompile Include="Src\Ilspazio.cpp">
      <Filter>Source Files</Filter>
    </ClCompile>
    <ClCompile Include="Src\Ilstack.cpp">
      <Filter>Source Files</Filter>
    </ClCompile>
    <ClCompile Include="Src\Iltesto.cpp">
      <Filter>Source Files</Filter>
    </ClCompile>
    <ClCompile Include="Src\Iltimer.cpp">
      <Filter>Source Files</Filter>
    </ClCompile>
    <ClCompile Include="Src\Ilutil.cpp">
      <Filter>Source Files</Filter>
    </ClCompile>
    <ClCompile Include="Src\internet.cpp">
      <Filter>Source Files</Filter>
    </ClCompile>
    <ClCompile Include="Src\Iperldoc.cpp">
      <Filter>Source Files</Filter>
    </ClCompile>
    <ClCompile Include="Src\Iperlogo.cpp">
      <Filter>Source Files</Filter>
    </ClCompile>
    <ClCompile Include="Src\Iperlvw.cpp">
      <Filter>Source Files</Filter>
    </ClCompile>
    <ClCompile Include="Src\Kbdialog.cpp">
      <Filter>Source Files</Filter>
    </ClCompile>
    <ClCompile Include="Src\Lineedit.cpp">
      <Filter>Source Files</Filter>
    </ClCompile>
    <ClCompile Include="Src\Mainfrm.cpp">
      <Filter>Source Files</Filter>
    </ClCompile>
    <ClCompile Include="Src\Mainstat.cpp">
      <Filter>Source Files</Filter>
    </ClCompile>
    <ClCompile Include="Src\MciMidi.cpp">
      <Filter>Source Files</Filter>
    </ClCompile>
    <ClCompile Include="Src\MciPlay.cpp">
      <Filter>Source Files</Filter>
    </ClCompile>
    <ClCompile Include="SRC\menu.cpp">
      <Filter>Source Files</Filter>
    </ClCompile>
    <ClCompile Include="Src\Midi.cpp">
      <Filter>Source Files</Filter>
    </ClCompile>
    <ClCompile Include="Src\Modeless.cpp">
      <Filter>Source Files</Filter>
    </ClCompile>
    <ClCompile Include="Src\Paletted.cpp">
      <Filter>Source Files</Filter>
    </ClCompile>
    <ClCompile Include="Src\Register.cpp">
      <Filter>Source Files</Filter>
    </ClCompile>
    <ClCompile Include="Src\SelglossD.cpp">
      <Filter>Source Files</Filter>
    </ClCompile>
    <ClCompile Include="Src\Selprocd.cpp">
      <Filter>Source Files</Filter>
    </ClCompile>
    <ClCompile Include="SRC\shell.cpp">
      <Filter>Source Files</Filter>
    </ClCompile>
    <ClCompile Include="Src\Statdial.cpp">
      <Filter>Source Files</Filter>
    </ClCompile>
    <ClCompile Include="Src\ToolFrame.cpp">
      <Filter>Source Files</Filter>
    </ClCompile>
    <ClCompile Include="Src\Turtlefr.cpp">
      <Filter>Source Files</Filter>
    </ClCompile>
    <ClCompile Include="Src\Turtlenw.cpp">
      <Filter>Source Files</Filter>
    </ClCompile>
    <ClCompile Include="Src\Turtlevw.cpp">
      <Filter>Source Files</Filter>
    </ClCompile>
    <ClCompile Include="Src\Usage.cpp">
      <Filter>Source Files</Filter>
    </ClCompile>
    <ClCompile Include="Src\Welcomed.cpp">
      <Filter>Source Files</Filter>
    </ClCompile>
    <ClCompile Include="SRC\stdafx.cpp">
      <Filter>Source Files</Filter>
    </ClCompile>
  </ItemGroup>
  <ItemGroup>
    <ResourceCompile Include="Iperlogo.rc">
      <Filter>Source Files</Filter>
    </ResourceCompile>
  </ItemGroup>
  <ItemGroup>
    <ClInclude Include="Inc\CDib.h">
      <Filter>Header Files</Filter>
    </ClInclude>
    <ClInclude Include="INC\Contesti.h">
      <Filter>Header Files</Filter>
    </ClInclude>
    <ClInclude Include="Inc\Cprot30.h">
      <Filter>Header Files</Filter>
    </ClInclude>
    <ClInclude Include="Inc\dib.h">
      <Filter>Header Files</Filter>
    </ClInclude>
    <ClInclude Include="Inc\Editorfr.h">
      <Filter>Header Files</Filter>
    </ClInclude>
    <ClInclude Include="Inc\Editorvw.h">
      <Filter>Header Files</Filter>
    </ClInclude>
    <ClInclude Include="Inc\Gif.h">
      <Filter>Header Files</Filter>
    </ClInclude>
    <ClInclude Include="Inc\Gifhash.h">
      <Filter>Header Files</Filter>
    </ClInclude>
    <ClInclude Include="Inc\Heckbert.h">
      <Filter>Header Files</Filter>
    </ClInclude>
    <ClInclude Include="Inc\Iperlogo.h">
      <Filter>Header Files</Filter>
    </ClInclude>
    <ClInclude Include="Inc\Mainfrm.h">
      <Filter>Header Files</Filter>
    </ClInclude>
    <ClInclude Include="Inc\MciMidi.h">
      <Filter>Header Files</Filter>
    </ClInclude>
    <ClInclude Include="Inc\Modeless.h">
      <Filter>Header Files</Filter>
    </ClInclude>
    <ClInclude Include="Inc\Paletted.h">
      <Filter>Header Files</Filter>
    </ClInclude>
    <ClInclude Include="Inc\Quant.h">
      <Filter>Header Files</Filter>
    </ClInclude>
    <ClInclude Include="Inc\Register.h">
      <Filter>Header Files</Filter>
    </ClInclude>
    <ClInclude Include="resource.h">
      <Filter>Header Files</Filter>
    </ClInclude>
    <ClInclude Include="Inc\SelglossD.h">
      <Filter>Header Files</Filter>
    </ClInclude>
    <ClInclude Include="Inc\ToolFrame.h">
      <Filter>Header Files</Filter>
    </ClInclude>
    <ClInclude Include="Inc\Turtlefr.h">
      <Filter>Header Files</Filter>
    </ClInclude>
    <ClInclude Include="Inc\Turtlenw.h">
      <Filter>Header Files</Filter>
    </ClInclude>
    <ClInclude Include="Inc\Turtlevw.h">
      <Filter>Header Files</Filter>
    </ClInclude>
    <ClInclude Include="Inc\Usage.h">
      <Filter>Header Files</Filter>
    </ClInclude>
    <ClInclude Include="CxImage\ximage.h">
      <Filter>Header Files</Filter>
    </ClInclude>
  </ItemGroup>
  <ItemGroup>
    <Image Include="RES\16C.BMP">
      <Filter>Resource Files</Filter>
    </Image>
    <Image Include="RES\16M.BMP">
      <Filter>Resource Files</Filter>
    </Image>
    <Image Include="RES\256.BMP">
      <Filter>Resource Files</Filter>
    </Image>
    <Image Include="Res\browser.ico">
      <Filter>Resource Files</Filter>
    </Image>
    <Image Include="Res\editor.ico">
      <Filter>Resource Files</Filter>
    </Image>
    <Image Include="Res\idr_edit.ico">
      <Filter>Resource Files</Filter>
    </Image>
    <Image Include="Res\idr_turt.ico">
      <Filter>Resource Files</Filter>
    </Image>
    <Image Include="RES\IPERLOGO.ICO">
      <Filter>Resource Files</Filter>
    </Image>
    <Image Include="Res\toolbar1.bmp">
      <Filter>Resource Files</Filter>
    </Image>
    <Image Include="Res\turtle.ico">
      <Filter>Resource Files</Filter>
    </Image>
  </ItemGroup>
  <ItemGroup>
    <CustomBuild Include="Iperlogo.def">
      <Filter>Source Files</Filter>
    </CustomBuild>
    <CustomBuild Include="Hlp\Iperlogo.hpj">
      <Filter>Source Files</Filter>
    </CustomBuild>
    <CustomBuild Include="res\iperlogo.rc2">
      <Filter>Resource Files</Filter>
    </CustomBuild>
  </ItemGroup>
</Project>